
Microsoft Visual Studio Solution File, Format Version 12.00
# Visual Studio Version 17
VisualStudioVersion = 17.7.34031.279
MinimumVisualStudioVersion = 10.0.40219.1
Project("{FAE04EC0-301F-11D3-BF4B-00C04F79EFBC}") = "ListClassHastane", "ListClassHastane\ListClassHastane.csproj", "{B3818A11-C354-4B4F-B55B-0B50DD69B61A}"
EndProject
Global
	GlobalSection(SolutionConfigurationPlatforms) = preSolution
		Debug|Any CPU = Debug|Any CPU
		Release|Any CPU = Release|Any CPU
	EndGlobalSection
	GlobalSection(ProjectConfigurationPlatforms) = postSolution
		{B3818A11-C354-4B4F-B55B-0B50DD69B61A}.Debug|Any CPU.ActiveCfg = Debug|Any CPU
		{B3818A11-C354-4B4F-B55B-0B50DD69B61A}.Debug|Any CPU.Build.0 = Debug|Any CPU
		{B3818A11-C354-4B4F-B55B-0B50DD69B61A}.Release|Any CPU.ActiveCfg = Release|Any CPU
		{B3818A11-C354-4B4F-B55B-0B50DD69B61A}.Release|Any CPU.Build.0 = Release|Any CPU
	EndGlobalSection
	GlobalSection(SolutionProperties) = preSolution
		HideSolutionNode = FALSE
	EndGlobalSection
	GlobalSection(ExtensibilityGlobals) = postSolution
		SolutionGuid = {1BB8EF6E-126C-4FB8-A786-2914A3EF5C55}
	EndGlobalSection
EndGlobal
